github.com/go-bongo/bongo v0.10.4 h1:equAJCu7im1+kVmOJw4929ijR7peemzx3Qkzk/2hWSI=
github.com/go-bongo/bongo v0.10.4/go.mod h1:D6pn2yWfb7NzktE9m7fW7wIOHSinlQ5glp8u1XNv4So=
github.com/joho/godotenv v1.3.0 h1:Zjp+RcGpHhGlrMbJzXTrZZPrWj+1vfm90La1wgB6Bhc=
github.com/joho/godotenv v1.3.0/go.mod h1:7hK45KPybAkOC6peb+G5yklZfMxEjkZhHbwpqxOKXbg=
github.com/keighl/mandrill v0.0.0-20170605120353-1775dd4b3b41 h1:UKfGHZTAF2kEH9TkM4aw+IxpjiNXzB/c8+/N2yUQf+c=
github.com/keighl/mandrill v0.0.0-20170605120353-1775dd4b3b41/go.mod h1:+mEDstlvUwlcUrduEzwxRm8q3GnjOa7GlNVJdgvWpiU=
github.com/maxwellhealth/go-dotaccess v0.0.0-20150208020959-ae070a2d2a38 h1:rcZKdGy22avq2HefU/TP98B0vRKtqBV6+JT9ml0RcsA=
github.com/maxwellhealth/go-dotaccess v0.0.0-20150208020959-ae070a2d2a38/go.mod h1:DT6yK3gKIe7VmI/yTJVISoF40uf/2TORlEIHhffjFvE=
github.com/oleiade/reflections v1.0.0 h1:0ir4pc6v8/PJ0yw5AEtMddfXpWBXg9cnG7SgSoJuCgY=
github.com/oleiade/reflections v1.0.0/go.mod h1:RbATFBbKYkVdqmSFtx13Bb/tVhR0lgOBXunWTZKeL4w=
gopkg.in/mgo.v2 v2.0.0-20180705113604-9856a29383ce h1:xcEWjVhvbDy+nHP67nPDDpbYrY+ILlfndk4bRioVHaU=
gopkg.in/mgo.v2 v2.0.0-20180705113604-9856a29383ce/go.mod h1:yeKp02qBN3iKW1OzL3MGk2IdtZzaj7SFntXj72NppTA=
